
Microsoft Visual Studio Solution File, Format Version 12.00
# Visual Studio Version 16
VisualStudioVersion = 16.0.30907.101
MinimumVisualStudioVersion = 10.0.40219.1
Project("{FAE04EC0-301F-11D3-BF4B-00C04F79EFBC}") = "Master.Helpdesk", "Master.Helpdesk\Master.Helpdesk.csproj", "{BD070EE9-9869-44E8-B7BB-4F42C636695B}"
EndProject
Project("{FAE04EC0-301F-11D3-BF4B-00C04F79EFBC}") = "Outils", "Outils\Outils.csproj", "{909A2A57-36B3-4E35-BD7D-C1B1F0C64FBB}"
EndProject
Project("{2150E333-8FDC-42A3-9474-1A3956D46DE8}") = "Console", "Console", "{69C6BC27-9896-4B36-84E1-AD60709B5509}"
EndProject
Project("{FAE04EC0-301F-11D3-BF4B-00C04F79EFBC}") = "Metier", "Metier\Metier.csproj", "{EC7F1C6A-279D-45BC-99D8-3A5AE412756A}"
EndProject
Project("{FAE04EC0-301F-11D3-BF4B-00C04F79EFBC}") = "TestsHelpdesk", "TestsHelpdesk\TestsHelpdesk.csproj", "{7F786FA7-D1B9-4570-968D-3553A3953AB4}"
EndProject
Project("{2150E333-8FDC-42A3-9474-1A3956D46DE8}") = "Commun", "Commun", "{1B02A506-0EFB-4C17-9FA3-EAE55E07115D}"
EndProject
Project("{FAE04EC0-301F-11D3-BF4B-00C04F79EFBC}") = "Master.Helpdesk.Win", "Master.Helpdesk.Win\Master.Helpdesk.Win.csproj", "{0F81390D-FB1B-4645-9EDA-7C5B3866C3BC}"
EndProject
Project("{FAE04EC0-301F-11D3-BF4B-00C04F79EFBC}") = "Composants", "Composants\Composants.csproj", "{C7E3005A-25C3-48A4-9DCF-F32F7BC33D8B}"
EndProject
Project("{FAE04EC0-301F-11D3-BF4B-00C04F79EFBC}") = "ConsoleAppLinqToSQL", "ConsoleAppLinqToSQL\ConsoleAppLinqToSQL.csproj", "{18F1D29F-D9C9-4113-A640-1806A1695143}"
EndProject
Project("{2150E333-8FDC-42A3-9474-1A3956D46DE8}") = "Donnees", "Donnees", "{8C958AE4-C467-4EBF-BD6B-57DA925419A8}"
EndProject
Project("{FAE04EC0-301F-11D3-BF4B-00C04F79EFBC}") = "HelpDeskWeb", "HelpDeskWeb\HelpDeskWeb.csproj", "{655402EA-D3A6-4CDA-83ED-95AE4829EA3B}"
EndProject
Project("{FAE04EC0-301F-11D3-BF4B-00C04F79EFBC}") = "SiteWeb", "SiteWeb\SiteWeb.csproj", "{AF2BCBB2-9CB1-4C06-B861-306BEE1DEB45}"
EndProject
Project("{FAE04EC0-301F-11D3-BF4B-00C04F79EFBC}") = "SiteWebASPNET", "SiteWebASPNET\SiteWebASPNET.csproj", "{DAD0169D-029F-4267-A33F-B9934F70350A}"
EndProject
Project("{2150E333-8FDC-42A3-9474-1A3956D46DE8}") = "IHM.Web", "IHM.Web", "{33FBEF0E-8EAC-465B-BF97-BCED7D88835C}"
EndProject
Project("{2150E333-8FDC-42A3-9474-1A3956D46DE8}") = "IHM.Windows", "IHM.Windows", "{DAD38579-E45E-47A5-A163-58542074FFA2}"
EndProject
Project("{2150E333-8FDC-42A3-9474-1A3956D46DE8}") = "Métier", "Métier", "{F23601E3-98D0-48D1-A11E-78A5F6D3EC98}"
EndProject
Project("{2150E333-8FDC-42A3-9474-1A3956D46DE8}") = "Tests", "Tests", "{8455BCAD-9C88-4F74-BC4C-DBFE92E98200}"
EndProject
Global
	GlobalSection(SolutionConfigurationPlatforms) = preSolution
		Debug|Any CPU = Debug|Any CPU
		Release|Any CPU = Release|Any CPU
	EndGlobalSection
	GlobalSection(ProjectConfigurationPlatforms) = postSolution
		{BD070EE9-9869-44E8-B7BB-4F42C636695B}.Debug|Any CPU.ActiveCfg = Debug|Any CPU
		{BD070EE9-9869-44E8-B7BB-4F42C636695B}.Debug|Any CPU.Build.0 = Debug|Any CPU
		{BD070EE9-9869-44E8-B7BB-4F42C636695B}.Release|Any CPU.ActiveCfg = Release|Any CPU
		{BD070EE9-9869-44E8-B7BB-4F42C636695B}.Release|Any CPU.Build.0 = Release|Any CPU
		{909A2A57-36B3-4E35-BD7D-C1B1F0C64FBB}.Debug|Any CPU.ActiveCfg = Debug|Any CPU
		{909A2A57-36B3-4E35-BD7D-C1B1F0C64FBB}.Debug|Any CPU.Build.0 = Debug|Any CPU
		{909A2A57-36B3-4E35-BD7D-C1B1F0C64FBB}.Release|Any CPU.ActiveCfg = Release|Any CPU
		{909A2A57-36B3-4E35-BD7D-C1B1F0C64FBB}.Release|Any CPU.Build.0 = Release|Any CPU
		{EC7F1C6A-279D-45BC-99D8-3A5AE412756A}.Debug|Any CPU.ActiveCfg = Debug|Any CPU
		{EC7F1C6A-279D-45BC-99D8-3A5AE412756A}.Debug|Any CPU.Build.0 = Debug|Any CPU
		{EC7F1C6A-279D-45BC-99D8-3A5AE412756A}.Release|Any CPU.ActiveCfg = Release|Any CPU
		{EC7F1C6A-279D-45BC-99D8-3A5AE412756A}.Release|Any CPU.Build.0 = Release|Any CPU
		{7F786FA7-D1B9-4570-968D-3553A3953AB4}.Debug|Any CPU.ActiveCfg = Debug|Any CPU
		{7F786FA7-D1B9-4570-968D-3553A3953AB4}.Debug|Any CPU.Build.0 = Debug|Any CPU
		{7F786FA7-D1B9-4570-968D-3553A3953AB4}.Release|Any CPU.ActiveCfg = Release|Any CPU
		{7F786FA7-D1B9-4570-968D-3553A3953AB4}.Release|Any CPU.Build.0 = Release|Any CPU
		{0F81390D-FB1B-4645-9EDA-7C5B3866C3BC}.Debug|Any CPU.ActiveCfg = Debug|Any CPU
		{0F81390D-FB1B-4645-9EDA-7C5B3866C3BC}.Debug|Any CPU.Build.0 = Debug|Any CPU
		{0F81390D-FB1B-4645-9EDA-7C5B3866C3BC}.Release|Any CPU.ActiveCfg = Release|Any CPU
		{0F81390D-FB1B-4645-9EDA-7C5B3866C3BC}.Release|Any CPU.Build.0 = Release|Any CPU
		{C7E3005A-25C3-48A4-9DCF-F32F7BC33D8B}.Debug|Any CPU.ActiveCfg = Debug|Any CPU
		{C7E3005A-25C3-48A4-9DCF-F32F7BC33D8B}.Debug|Any CPU.Build.0 = Debug|Any CPU
		{C7E3005A-25C3-48A4-9DCF-F32F7BC33D8B}.Release|Any CPU.ActiveCfg = Release|Any CPU
		{C7E3005A-25C3-48A4-9DCF-F32F7BC33D8B}.Release|Any CPU.Build.0 = Release|Any CPU
		{18F1D29F-D9C9-4113-A640-1806A1695143}.Debug|Any CPU.ActiveCfg = Debug|Any CPU
		{18F1D29F-D9C9-4113-A640-1806A1695143}.Debug|Any CPU.Build.0 = Debug|Any CPU
		{18F1D29F-D9C9-4113-A640-1806A1695143}.Release|Any CPU.ActiveCfg = Release|Any CPU
		{18F1D29F-D9C9-4113-A640-1806A1695143}.Release|Any CPU.Build.0 = Release|Any CPU
		{655402EA-D3A6-4CDA-83ED-95AE4829EA3B}.Debug|Any CPU.ActiveCfg = Debug|Any CPU
		{655402EA-D3A6-4CDA-83ED-95AE4829EA3B}.Debug|Any CPU.Build.0 = Debug|Any CPU
		{655402EA-D3A6-4CDA-83ED-95AE4829EA3B}.Release|Any CPU.ActiveCfg = Release|Any CPU
		{655402EA-D3A6-4CDA-83ED-95AE4829EA3B}.Release|Any CPU.Build.0 = Release|Any CPU
		{AF2BCBB2-9CB1-4C06-B861-306BEE1DEB45}.Debug|Any CPU.ActiveCfg = Debug|Any CPU
		{AF2BCBB2-9CB1-4C06-B861-306BEE1DEB45}.Debug|Any CPU.Build.0 = Debug|Any CPU
		{AF2BCBB2-9CB1-4C06-B861-306BEE1DEB45}.Release|Any CPU.ActiveCfg = Release|Any CPU
		{AF2BCBB2-9CB1-4C06-B861-306BEE1DEB45}.Release|Any CPU.Build.0 = Release|Any CPU
		{DAD0169D-029F-4267-A33F-B9934F70350A}.Debug|Any CPU.ActiveCfg = Debug|Any CPU
		{DAD0169D-029F-4267-A33F-B9934F70350A}.Debug|Any CPU.Build.0 = Debug|Any CPU
		{DAD0169D-029F-4267-A33F-B9934F70350A}.Release|Any CPU.ActiveCfg = Release|Any CPU
		{DAD0169D-029F-4267-A33F-B9934F70350A}.Release|Any CPU.Build.0 = Release|Any CPU
	EndGlobalSection
	GlobalSection(SolutionProperties) = preSolution
		HideSolutionNode = FALSE
	EndGlobalSection
	GlobalSection(NestedProjects) = preSolution
		{BD070EE9-9869-44E8-B7BB-4F42C636695B} = {69C6BC27-9896-4B36-84E1-AD60709B5509}
		{909A2A57-36B3-4E35-BD7D-C1B1F0C64FBB} = {1B02A506-0EFB-4C17-9FA3-EAE55E07115D}
		{EC7F1C6A-279D-45BC-99D8-3A5AE412756A} = {F23601E3-98D0-48D1-A11E-78A5F6D3EC98}
		{7F786FA7-D1B9-4570-968D-3553A3953AB4} = {8455BCAD-9C88-4F74-BC4C-DBFE92E98200}
		{0F81390D-FB1B-4645-9EDA-7C5B3866C3BC} = {DAD38579-E45E-47A5-A163-58542074FFA2}
		{C7E3005A-25C3-48A4-9DCF-F32F7BC33D8B} = {DAD38579-E45E-47A5-A163-58542074FFA2}
		{18F1D29F-D9C9-4113-A640-1806A1695143} = {8C958AE4-C467-4EBF-BD6B-57DA925419A8}
		{655402EA-D3A6-4CDA-83ED-95AE4829EA3B} = {33FBEF0E-8EAC-465B-BF97-BCED7D88835C}
		{AF2BCBB2-9CB1-4C06-B861-306BEE1DEB45} = {33FBEF0E-8EAC-465B-BF97-BCED7D88835C}
		{DAD0169D-029F-4267-A33F-B9934F70350A} = {33FBEF0E-8EAC-465B-BF97-BCED7D88835C}
	EndGlobalSection
	GlobalSection(ExtensibilityGlobals) = postSolution
		SolutionGuid = {77D56F63-D521-4BA2-89EF-FAAD4D931C55}
	EndGlobalSection
EndGlobal
