
Microsoft Visual Studio Solution File, Format Version 12.00
# Visual Studio Version 16
VisualStudioVersion = 16.0.30907.101
MinimumVisualStudioVersion = 10.0.40219.1
Project("{FAE04EC0-301F-11D3-BF4B-00C04F79EFBC}") = "Outils", "Outils\Outils.csproj", "{909A2A57-36B3-4E35-BD7D-C1B1F0C64FBB}"
EndProject
Project("{FAE04EC0-301F-11D3-BF4B-00C04F79EFBC}") = "Metier", "Metier\Metier.csproj", "{EC7F1C6A-279D-45BC-99D8-3A5AE412756A}"
EndProject
Project("{FAE04EC0-301F-11D3-BF4B-00C04F79EFBC}") = "TestsHelpdesk", "TestsHelpdesk\TestsHelpdesk.csproj", "{7F786FA7-D1B9-4570-968D-3553A3953AB4}"
EndProject
Project("{2150E333-8FDC-42A3-9474-1A3956D46DE8}") = "Commun", "Commun", "{1B02A506-0EFB-4C17-9FA3-EAE55E07115D}"
EndProject
Project("{FAE04EC0-301F-11D3-BF4B-00C04F79EFBC}") = "HelpDeskWeb", "HelpDeskWeb\HelpDeskWeb.csproj", "{655402EA-D3A6-4CDA-83ED-95AE4829EA3B}"
EndProject
Project("{2150E333-8FDC-42A3-9474-1A3956D46DE8}") = "IHM.Web", "IHM.Web", "{33FBEF0E-8EAC-465B-BF97-BCED7D88835C}"
EndProject
Project("{2150E333-8FDC-42A3-9474-1A3956D46DE8}") = "Métier", "Métier", "{F23601E3-98D0-48D1-A11E-78A5F6D3EC98}"
	ProjectSection(SolutionItems) = preProject
		Metier\Domaine\Application.cs = Metier\Domaine\Application.cs
	EndProjectSection
EndProject
Project("{2150E333-8FDC-42A3-9474-1A3956D46DE8}") = "Tests", "Tests", "{8455BCAD-9C88-4F74-BC4C-DBFE92E98200}"
EndProject
Global
	GlobalSection(SolutionConfigurationPlatforms) = preSolution
		Debug|Any CPU = Debug|Any CPU
		Release|Any CPU = Release|Any CPU
	EndGlobalSection
	GlobalSection(ProjectConfigurationPlatforms) = postSolution
		{909A2A57-36B3-4E35-BD7D-C1B1F0C64FBB}.Debug|Any CPU.ActiveCfg = Debug|Any CPU
		{909A2A57-36B3-4E35-BD7D-C1B1F0C64FBB}.Debug|Any CPU.Build.0 = Debug|Any CPU
		{909A2A57-36B3-4E35-BD7D-C1B1F0C64FBB}.Release|Any CPU.ActiveCfg = Release|Any CPU
		{909A2A57-36B3-4E35-BD7D-C1B1F0C64FBB}.Release|Any CPU.Build.0 = Release|Any CPU
		{EC7F1C6A-279D-45BC-99D8-3A5AE412756A}.Debug|Any CPU.ActiveCfg = Debug|Any CPU
		{EC7F1C6A-279D-45BC-99D8-3A5AE412756A}.Debug|Any CPU.Build.0 = Debug|Any CPU
		{EC7F1C6A-279D-45BC-99D8-3A5AE412756A}.Release|Any CPU.ActiveCfg = Release|Any CPU
		{EC7F1C6A-279D-45BC-99D8-3A5AE412756A}.Release|Any CPU.Build.0 = Release|Any CPU
		{7F786FA7-D1B9-4570-968D-3553A3953AB4}.Debug|Any CPU.ActiveCfg = Debug|Any CPU
		{7F786FA7-D1B9-4570-968D-3553A3953AB4}.Debug|Any CPU.Build.0 = Debug|Any CPU
		{7F786FA7-D1B9-4570-968D-3553A3953AB4}.Release|Any CPU.ActiveCfg = Release|Any CPU
		{7F786FA7-D1B9-4570-968D-3553A3953AB4}.Release|Any CPU.Build.0 = Release|Any CPU
		{655402EA-D3A6-4CDA-83ED-95AE4829EA3B}.Debug|Any CPU.ActiveCfg = Debug|Any CPU
		{655402EA-D3A6-4CDA-83ED-95AE4829EA3B}.Debug|Any CPU.Build.0 = Debug|Any CPU
		{655402EA-D3A6-4CDA-83ED-95AE4829EA3B}.Release|Any CPU.ActiveCfg = Release|Any CPU
		{655402EA-D3A6-4CDA-83ED-95AE4829EA3B}.Release|Any CPU.Build.0 = Release|Any CPU
	EndGlobalSection
	GlobalSection(SolutionProperties) = preSolution
		HideSolutionNode = FALSE
	EndGlobalSection
	GlobalSection(NestedProjects) = preSolution
		{909A2A57-36B3-4E35-BD7D-C1B1F0C64FBB} = {1B02A506-0EFB-4C17-9FA3-EAE55E07115D}
		{EC7F1C6A-279D-45BC-99D8-3A5AE412756A} = {F23601E3-98D0-48D1-A11E-78A5F6D3EC98}
		{7F786FA7-D1B9-4570-968D-3553A3953AB4} = {8455BCAD-9C88-4F74-BC4C-DBFE92E98200}
		{655402EA-D3A6-4CDA-83ED-95AE4829EA3B} = {33FBEF0E-8EAC-465B-BF97-BCED7D88835C}
	EndGlobalSection
	GlobalSection(ExtensibilityGlobals) = postSolution
		SolutionGuid = {77D56F63-D521-4BA2-89EF-FAAD4D931C55}
	EndGlobalSection
EndGlobal
